PODS:
  - ai_barcode (2.1.0):
    - Flutter
    - MTBBarcodeScanner
  - Flutter (1.0.0)
  - MTBBarcodeScanner (5.0.11)
  - "permission_handler (5.1.0+2)":
    - Flutter
  - shared_preferences (0.0.1):
    - Flutter
  - url_launcher (0.0.1):
    - Flutter
  - webview_flutter (0.0.1):
    - Flutter

DEPENDENCIES:
  - ai_barcode (from `.symlinks/plugins/ai_barcode/ios`)
  - Flutter (from `Flutter`)
  - permission_handler (from `.symlinks/plugins/permission_handler/ios`)
  - shared_preferences (from `.symlinks/plugins/shared_preferences/ios`)
  - url_launcher (from `.symlinks/plugins/url_launcher/ios`)
  - webview_flutter (from `.symlinks/plugins/webview_flutter/ios`)

SPEC REPOS:
  trunk:
    - MTBBarcodeScanner

EXTERNAL SOURCES:
  ai_barcode:
    :path: ".symlinks/plugins/ai_barcode/ios"
  Flutter:
    :path: Flutter
  permission_handler:
    :path: ".symlinks/plugins/permission_handler/ios"
  shared_preferences:
    :path: ".symlinks/plugins/shared_preferences/ios"
  url_launcher:
    :path: ".symlinks/plugins/url_launcher/ios"
  webview_flutter:
    :path: ".symlinks/plugins/webview_flutter/ios"

SPEC CHECKSUMS:
  ai_barcode: e8fd5f2bbbb40b9376ba4950f58e2d1f54244609
  Flutter: 434fef37c0980e73bb6479ef766c45957d4b510c
  MTBBarcodeScanner: f453b33c4b7dfe545d8c6484ed744d55671788cb
  permission_handler: ccb20a9fad0ee9b1314a52b70b76b473c5f8dab0
  shared_preferences: af6bfa751691cdc24be3045c43ec037377ada40d
  url_launcher: 6fef411d543ceb26efce54b05a0a40bfd74cbbef
  webview_flutter: 9f491a9b5a66f2573946a389b2677987b0ff8c0b

PODFILE CHECKSUM: aafe91acc616949ddb318b77800a7f51bffa2a4c

COCOAPODS: 1.10.1
